
Microsoft Visual Studio Solution File, Format Version 11.00
# Visual Studio 2010
# SharpDevelop 5.1
Project("{FAE04EC0-301F-11D3-BF4B-00C04F79EFBC}") = "InsurancePayments", "InsurancePayments.csproj", "{03AB4353-1601-4761-BD4C-4FC8C734575C}"
EndProject
Global
	GlobalSection(SolutionConfigurationPlatforms) = preSolution
		Debug|Any CPU = Debug|Any CPU
		Release|Any CPU = Release|Any CPU
	EndGlobalSection
	GlobalSection(ProjectConfigurationPlatforms) = postSolution
		{03AB4353-1601-4761-BD4C-4FC8C734575C}.Debug|Any CPU.ActiveCfg = Debug|Any CPU
		{03AB4353-1601-4761-BD4C-4FC8C734575C}.Debug|Any CPU.Build.0 = Debug|Any CPU
		{03AB4353-1601-4761-BD4C-4FC8C734575C}.Release|Any CPU.ActiveCfg = Release|Any CPU
		{03AB4353-1601-4761-BD4C-4FC8C734575C}.Release|Any CPU.Build.0 = Release|Any CPU
	EndGlobalSection
EndGlobal
